
Microsoft Visual Studio Solution File, Format Version 12.00
# Visual Studio Version 17
VisualStudioVersion = 17.14.36915.13 d17.14
MinimumVisualStudioVersion = 10.0.40219.1
Project("{FAE04EC0-301F-11D3-BF4B-00C04F79EFBC}") = "SeedingCountryApi", "SeedingCountryApi\SeedingCountryApi.csproj", "{3F8F8BBC-E388-42CC-A761-C7E4ADEE1C72}"
EndProject
Global
	GlobalSection(SolutionConfigurationPlatforms) = preSolution
		Debug|Any CPU = Debug|Any CPU
		Release|Any CPU = Release|Any CPU
	EndGlobalSection
	GlobalSection(ProjectConfigurationPlatforms) = postSolution
		{3F8F8BBC-E388-42CC-A761-C7E4ADEE1C72}.Debug|Any CPU.ActiveCfg = Debug|Any CPU
		{3F8F8BBC-E388-42CC-A761-C7E4ADEE1C72}.Debug|Any CPU.Build.0 = Debug|Any CPU
		{3F8F8BBC-E388-42CC-A761-C7E4ADEE1C72}.Release|Any CPU.ActiveCfg = Release|Any CPU
		{3F8F8BBC-E388-42CC-A761-C7E4ADEE1C72}.Release|Any CPU.Build.0 = Release|Any CPU
	EndGlobalSection
	GlobalSection(SolutionProperties) = preSolution
		HideSolutionNode = FALSE
	EndGlobalSection
	GlobalSection(ExtensibilityGlobals) = postSolution
		SolutionGuid = {802D1D34-448D-4A83-A458-137BFA1C74AE}
	EndGlobalSection
EndGlobal
