
Microsoft Visual Studio Solution File, Format Version 12.00
# Visual Studio Version 17
VisualStudioVersion = 17.14.36915.13 d17.14
MinimumVisualStudioVersion = 10.0.40219.1
Project("{FAE04EC0-301F-11D3-BF4B-00C04F79EFBC}") = "JWT-RBACAuth", "JWT-RBACAuth\JWT-RBACAuth.csproj", "{C3480EB3-5404-40A3-B34B-5FF807645B80}"
EndProject
Global
	GlobalSection(SolutionConfigurationPlatforms) = preSolution
		Debug|Any CPU = Debug|Any CPU
		Release|Any CPU = Release|Any CPU
	EndGlobalSection
	GlobalSection(ProjectConfigurationPlatforms) = postSolution
		{C3480EB3-5404-40A3-B34B-5FF807645B80}.Debug|Any CPU.ActiveCfg = Debug|Any CPU
		{C3480EB3-5404-40A3-B34B-5FF807645B80}.Debug|Any CPU.Build.0 = Debug|Any CPU
		{C3480EB3-5404-40A3-B34B-5FF807645B80}.Release|Any CPU.ActiveCfg = Release|Any CPU
		{C3480EB3-5404-40A3-B34B-5FF807645B80}.Release|Any CPU.Build.0 = Release|Any CPU
	EndGlobalSection
	GlobalSection(SolutionProperties) = preSolution
		HideSolutionNode = FALSE
	EndGlobalSection
	GlobalSection(ExtensibilityGlobals) = postSolution
		SolutionGuid = {5AE010CC-6467-4332-913E-E1AF9ABFE9D5}
	EndGlobalSection
EndGlobal
